
Microsoft Visual Studio Solution File, Format Version 12.00
# Visual Studio Version 17
VisualStudioVersion = 17.10.34928.147
MinimumVisualStudioVersion = 10.0.40219.1
Project("{FAE04EC0-301F-11D3-BF4B-00C04F79EFBC}") = "PercoidCRUD", "PercoidCRUD\PercoidCRUD.csproj", "{04599422-9D30-46E5-BF67-278B857EFC2D}"
EndProject
Global
	GlobalSection(SolutionConfigurationPlatforms) = preSolution
		Debug|Any CPU = Debug|Any CPU
		Release|Any CPU = Release|Any CPU
	EndGlobalSection
	GlobalSection(ProjectConfigurationPlatforms) = postSolution
		{04599422-9D30-46E5-BF67-278B857EFC2D}.Debug|Any CPU.ActiveCfg = Debug|Any CPU
		{04599422-9D30-46E5-BF67-278B857EFC2D}.Debug|Any CPU.Build.0 = Debug|Any CPU
		{04599422-9D30-46E5-BF67-278B857EFC2D}.Release|Any CPU.ActiveCfg = Release|Any CPU
		{04599422-9D30-46E5-BF67-278B857EFC2D}.Release|Any CPU.Build.0 = Release|Any CPU
	EndGlobalSection
	GlobalSection(SolutionProperties) = preSolution
		HideSolutionNode = FALSE
	EndGlobalSection
	GlobalSection(ExtensibilityGlobals) = postSolution
		SolutionGuid = {6FA6C78C-7A68-4600-81DB-E565906070DE}
	EndGlobalSection
EndGlobal
