
Microsoft Visual Studio Solution File, Format Version 12.00
# Visual Studio Version 17
VisualStudioVersion = 17.10.34928.147
MinimumVisualStudioVersion = 10.0.40219.1
Project("{FAE04EC0-301F-11D3-BF4B-00C04F79EFBC}") = "FHIR_NEW", "FHIR_NEW\FHIR_NEW.csproj", "{BCBD9DC9-6F1B-43EB-81E0-6F1B375ED75F}"
EndProject
Global
	GlobalSection(SolutionConfigurationPlatforms) = preSolution
		Debug|Any CPU = Debug|Any CPU
		Release|Any CPU = Release|Any CPU
	EndGlobalSection
	GlobalSection(ProjectConfigurationPlatforms) = postSolution
		{BCBD9DC9-6F1B-43EB-81E0-6F1B375ED75F}.Debug|Any CPU.ActiveCfg = Debug|Any CPU
		{BCBD9DC9-6F1B-43EB-81E0-6F1B375ED75F}.Debug|Any CPU.Build.0 = Debug|Any CPU
		{BCBD9DC9-6F1B-43EB-81E0-6F1B375ED75F}.Release|Any CPU.ActiveCfg = Release|Any CPU
		{BCBD9DC9-6F1B-43EB-81E0-6F1B375ED75F}.Release|Any CPU.Build.0 = Release|Any CPU
	EndGlobalSection
	GlobalSection(SolutionProperties) = preSolution
		HideSolutionNode = FALSE
	EndGlobalSection
	GlobalSection(ExtensibilityGlobals) = postSolution
		SolutionGuid = {D4DC896F-926F-47DF-9ED3-F24A577CC2DB}
	EndGlobalSection
EndGlobal
